
Microsoft Visual Studio Solution File, Format Version 12.00
# Visual Studio Version 16
VisualStudioVersion = 16.0.30907.101
MinimumVisualStudioVersion = 10.0.40219.1
Project("{9A19103F-16F7-4668-BE54-9A1E7A4F7556}") = "WalletManagementSystem", "WalletManagementSystem\WalletManagementSystem.csproj", "{90FD60B8-405E-451C-9DBB-366C7033182F}"
EndProject
Project("{9A19103F-16F7-4668-BE54-9A1E7A4F7556}") = "WalletManagementBL", "WalletManagementBL\WalletManagementBL.csproj", "{343CB2A0-B7A3-4A2F-997E-080E3F4A4A21}"
EndProject
Project("{9A19103F-16F7-4668-BE54-9A1E7A4F7556}") = "WalletManagementDL", "WalletManagementDL\WalletManagementDL.csproj", "{4A9A340D-7C20-4E1E-81F0-CFBAE56EAE4E}"
EndProject
Project("{9A19103F-16F7-4668-BE54-9A1E7A4F7556}") = "WalletManagementEntity", "WalletManagementEntity\WalletManagementEntity.csproj", "{D8319D5A-06A3-431F-85F9-0C8ECB4AB9A4}"
EndProject
Project("{FAE04EC0-301F-11D3-BF4B-00C04F79EFBC}") = "WalletManagementException", "WalletManagementException\WalletManagementException.csproj", "{D657AF28-F767-47D2-90D4-1896F4EE94E9}"
EndProject
Global
	GlobalSection(SolutionConfigurationPlatforms) = preSolution
		Debug|Any CPU = Debug|Any CPU
		Release|Any CPU = Release|Any CPU
	EndGlobalSection
	GlobalSection(ProjectConfigurationPlatforms) = postSolution
		{90FD60B8-405E-451C-9DBB-366C7033182F}.Debug|Any CPU.ActiveCfg = Debug|Any CPU
		{90FD60B8-405E-451C-9DBB-366C7033182F}.Debug|Any CPU.Build.0 = Debug|Any CPU
		{90FD60B8-405E-451C-9DBB-366C7033182F}.Release|Any CPU.ActiveCfg = Release|Any CPU
		{90FD60B8-405E-451C-9DBB-366C7033182F}.Release|Any CPU.Build.0 = Release|Any CPU
		{343CB2A0-B7A3-4A2F-997E-080E3F4A4A21}.Debug|Any CPU.ActiveCfg = Debug|Any CPU
		{343CB2A0-B7A3-4A2F-997E-080E3F4A4A21}.Debug|Any CPU.Build.0 = Debug|Any CPU
		{343CB2A0-B7A3-4A2F-997E-080E3F4A4A21}.Release|Any CPU.ActiveCfg = Release|Any CPU
		{343CB2A0-B7A3-4A2F-997E-080E3F4A4A21}.Release|Any CPU.Build.0 = Release|Any CPU
		{4A9A340D-7C20-4E1E-81F0-CFBAE56EAE4E}.Debug|Any CPU.ActiveCfg = Debug|Any CPU
		{4A9A340D-7C20-4E1E-81F0-CFBAE56EAE4E}.Debug|Any CPU.Build.0 = Debug|Any CPU
		{4A9A340D-7C20-4E1E-81F0-CFBAE56EAE4E}.Release|Any CPU.ActiveCfg = Release|Any CPU
		{4A9A340D-7C20-4E1E-81F0-CFBAE56EAE4E}.Release|Any CPU.Build.0 = Release|Any CPU
		{D8319D5A-06A3-431F-85F9-0C8ECB4AB9A4}.Debug|Any CPU.ActiveCfg = Debug|Any CPU
		{D8319D5A-06A3-431F-85F9-0C8ECB4AB9A4}.Debug|Any CPU.Build.0 = Debug|Any CPU
		{D8319D5A-06A3-431F-85F9-0C8ECB4AB9A4}.Release|Any CPU.ActiveCfg = Release|Any CPU
		{D8319D5A-06A3-431F-85F9-0C8ECB4AB9A4}.Release|Any CPU.Build.0 = Release|Any CPU
		{D657AF28-F767-47D2-90D4-1896F4EE94E9}.Debug|Any CPU.ActiveCfg = Debug|Any CPU
		{D657AF28-F767-47D2-90D4-1896F4EE94E9}.Debug|Any CPU.Build.0 = Debug|Any CPU
		{D657AF28-F767-47D2-90D4-1896F4EE94E9}.Release|Any CPU.ActiveCfg = Release|Any CPU
		{D657AF28-F767-47D2-90D4-1896F4EE94E9}.Release|Any CPU.Build.0 = Release|Any CPU
	EndGlobalSection
	GlobalSection(SolutionProperties) = preSolution
		HideSolutionNode = FALSE
	EndGlobalSection
	GlobalSection(ExtensibilityGlobals) = postSolution
		SolutionGuid = {26C5D3D9-FEF6-48C2-9C01-7157614F242B}
	EndGlobalSection
EndGlobal
